
Microsoft Visual Studio Solution File, Format Version 12.00
# Visual Studio Version 17
VisualStudioVersion = 17.3.32929.385
MinimumVisualStudioVersion = 10.0.40219.1
Project("{9A19103F-16F7-4668-BE54-9A1E7A4F7556}") = "PublisherService", "PatientAppointmentService\PublisherService.csproj", "{CBE39B10-4BA9-4006-A422-E6D012762F34}"
EndProject
Project("{9A19103F-16F7-4668-BE54-9A1E7A4F7556}") = "SubscriberService", "AppointmentProcessingService\SubscriberService.csproj", "{EFC51658-526A-491E-9192-8AAD07618E88}"
EndProject
Project("{9A19103F-16F7-4668-BE54-9A1E7A4F7556}") = "Patient.Domain", "PatientAppointment.Domain\Patient.Domain.csproj", "{FAA53904-B0E1-4471-9898-BE926B17CAF1}"
EndProject
Global
	GlobalSection(SolutionConfigurationPlatforms) = preSolution
		Debug|Any CPU = Debug|Any CPU
		Release|Any CPU = Release|Any CPU
	EndGlobalSection
	GlobalSection(ProjectConfigurationPlatforms) = postSolution
		{CBE39B10-4BA9-4006-A422-E6D012762F34}.Debug|Any CPU.ActiveCfg = Debug|Any CPU
		{CBE39B10-4BA9-4006-A422-E6D012762F34}.Debug|Any CPU.Build.0 = Debug|Any CPU
		{CBE39B10-4BA9-4006-A422-E6D012762F34}.Release|Any CPU.ActiveCfg = Release|Any CPU
		{CBE39B10-4BA9-4006-A422-E6D012762F34}.Release|Any CPU.Build.0 = Release|Any CPU
		{EFC51658-526A-491E-9192-8AAD07618E88}.Debug|Any CPU.ActiveCfg = Debug|Any CPU
		{EFC51658-526A-491E-9192-8AAD07618E88}.Debug|Any CPU.Build.0 = Debug|Any CPU
		{EFC51658-526A-491E-9192-8AAD07618E88}.Release|Any CPU.ActiveCfg = Release|Any CPU
		{EFC51658-526A-491E-9192-8AAD07618E88}.Release|Any CPU.Build.0 = Release|Any CPU
		{FAA53904-B0E1-4471-9898-BE926B17CAF1}.Debug|Any CPU.ActiveCfg = Debug|Any CPU
		{FAA53904-B0E1-4471-9898-BE926B17CAF1}.Debug|Any CPU.Build.0 = Debug|Any CPU
		{FAA53904-B0E1-4471-9898-BE926B17CAF1}.Release|Any CPU.ActiveCfg = Release|Any CPU
		{FAA53904-B0E1-4471-9898-BE926B17CAF1}.Release|Any CPU.Build.0 = Release|Any CPU
	EndGlobalSection
	GlobalSection(SolutionProperties) = preSolution
		HideSolutionNode = FALSE
	EndGlobalSection
	GlobalSection(ExtensibilityGlobals) = postSolution
		SolutionGuid = {240886C5-F0CD-4667-8943-AB675B86371F}
	EndGlobalSection
EndGlobal
